
Microsoft Visual Studio Solution File, Format Version 12.00
# Visual Studio Version 16
VisualStudioVersion = 16.0.29905.134
MinimumVisualStudioVersion = 10.0.40219.1
Project("{FAE04EC0-301F-11D3-BF4B-00C04F79EFBC}") = "DotNetConsoleDiExample", "DotNetConsoleDiExample\DotNetConsoleDiExample.csproj", "{63EB7309-D168-4A93-B7F1-F60C987F170F}"
EndProject
Global
	GlobalSection(SolutionConfigurationPlatforms) = preSolution
		Debug|Any CPU = Debug|Any CPU
		Release|Any CPU = Release|Any CPU
	EndGlobalSection
	GlobalSection(ProjectConfigurationPlatforms) = postSolution
		{63EB7309-D168-4A93-B7F1-F60C987F170F}.Debug|Any CPU.ActiveCfg = Debug|Any CPU
		{63EB7309-D168-4A93-B7F1-F60C987F170F}.Debug|Any CPU.Build.0 = Debug|Any CPU
		{63EB7309-D168-4A93-B7F1-F60C987F170F}.Release|Any CPU.ActiveCfg = Release|Any CPU
		{63EB7309-D168-4A93-B7F1-F60C987F170F}.Release|Any CPU.Build.0 = Release|Any CPU
	EndGlobalSection
	GlobalSection(SolutionProperties) = preSolution
		HideSolutionNode = FALSE
	EndGlobalSection
	GlobalSection(ExtensibilityGlobals) = postSolution
		SolutionGuid = {06998529-6FD8-4A12-9299-224623E56878}
	EndGlobalSection
EndGlobal
